
Microsoft Visual Studio Solution File, Format Version 12.00
# Visual Studio Version 17
VisualStudioVersion = 17.8.34316.72
MinimumVisualStudioVersion = 10.0.40219.1
Project("{FAE04EC0-301F-11D3-BF4B-00C04F79EFBC}") = "ProjectBestilling", "ProjectBestilling\ProjectBestilling.csproj", "{440E5B6A-CF83-46D5-9D4A-E38945532926}"
EndProject
Global
	GlobalSection(SolutionConfigurationPlatforms) = preSolution
		Debug|Any CPU = Debug|Any CPU
		Release|Any CPU = Release|Any CPU
	EndGlobalSection
	GlobalSection(ProjectConfigurationPlatforms) = postSolution
		{440E5B6A-CF83-46D5-9D4A-E38945532926}.Debug|Any CPU.ActiveCfg = Debug|Any CPU
		{440E5B6A-CF83-46D5-9D4A-E38945532926}.Debug|Any CPU.Build.0 = Debug|Any CPU
		{440E5B6A-CF83-46D5-9D4A-E38945532926}.Release|Any CPU.ActiveCfg = Release|Any CPU
		{440E5B6A-CF83-46D5-9D4A-E38945532926}.Release|Any CPU.Build.0 = Release|Any CPU
	EndGlobalSection
	GlobalSection(SolutionProperties) = preSolution
		HideSolutionNode = FALSE
	EndGlobalSection
	GlobalSection(ExtensibilityGlobals) = postSolution
		SolutionGuid = {A15DFB0D-AB78-49D7-B5AD-FDDECA28E42A}
	EndGlobalSection
EndGlobal
